
Microsoft Visual Studio Solution File, Format Version 12.00
# Visual Studio 15
VisualStudioVersion = 15.0.28307.572
MinimumVisualStudioVersion = 10.0.40219.1
Project("{FAE04EC0-301F-11D3-BF4B-00C04F79EFBC}") = "WpfApp10", "WpfApp10\WpfApp10.csproj", "{F60C0B96-DAA8-449C-AD53-B6DEB04C0D26}"
EndProject
Global
	GlobalSection(SolutionConfigurationPlatforms) = preSolution
		Debug|Any CPU = Debug|Any CPU
		Release|Any CPU = Release|Any CPU
	EndGlobalSection
	GlobalSection(ProjectConfigurationPlatforms) = postSolution
		{F60C0B96-DAA8-449C-AD53-B6DEB04C0D26}.Debug|Any CPU.ActiveCfg = Debug|Any CPU
		{F60C0B96-DAA8-449C-AD53-B6DEB04C0D26}.Debug|Any CPU.Build.0 = Debug|Any CPU
		{F60C0B96-DAA8-449C-AD53-B6DEB04C0D26}.Release|Any CPU.ActiveCfg = Release|Any CPU
		{F60C0B96-DAA8-449C-AD53-B6DEB04C0D26}.Release|Any CPU.Build.0 = Release|Any CPU
	EndGlobalSection
	GlobalSection(SolutionProperties) = preSolution
		HideSolutionNode = FALSE
	EndGlobalSection
	GlobalSection(ExtensibilityGlobals) = postSolution
		SolutionGuid = {0D13B766-AA70-43ED-9D3F-5FF49CFFEC0F}
	EndGlobalSection
EndGlobal
